// !$*UTF8*$!
{
	archiveVersion = 1;
	classes = {
	};
	objectVersion = 56;
	objects = {

/* Begin PBXBuildFile section */
		96193FE92B6394FD00948AB5 /* Abschlussaufgabe.pdf in Resources */ = {isa = PBXBuildFile; fileRef = 96193FE82B6394FD00948AB5 /* Abschlussaufgabe.pdf */; };
		966AD3ED2B5FC01900AAAA69 /* GoogleService-Info.plist in Resources */ = {isa = PBXBuildFile; fileRef = 966AD3EC2B5FC01900AAAA69 /* GoogleService-Info.plist */; };
		966AD3F02B5FC06D00AAAA69 /* FirebaseAnalytics in Frameworks */ = {isa = PBXBuildFile; productRef = 966AD3EF2B5FC06D00AAAA69 /* FirebaseAnalytics */; };
		966AD3F22B5FC06D00AAAA69 /* FirebaseAnalyticsOnDeviceConversion in Frameworks */ = {isa = PBXBuildFile; productRef = 966AD3F12B5FC06D00AAAA69 /* FirebaseAnalyticsOnDeviceConversion */; };
		966AD3F42B5FC06D00AAAA69 /* FirebaseAnalyticsSwift in Frameworks */ = {isa = PBXBuildFile; productRef = 966AD3F32B5FC06D00AAAA69 /* FirebaseAnalyticsSwift */; };
		966AD3F62B5FC06D00AAAA69 /* FirebaseAnalyticsWithoutAdIdSupport in Frameworks */ = {isa = PBXBuildFile; productRef = 966AD3F52B5FC06D00AAAA69 /* FirebaseAnalyticsWithoutAdIdSupport */; };
		966AD3F82B5FC06D00AAAA69 /* FirebaseAppCheck in Frameworks */ = {isa = PBXBuildFile; productRef = 966AD3F72B5FC06D00AAAA69 /* FirebaseAppCheck */; };
		966AD3FA2B5FC06D00AAAA69 /* FirebaseAppDistribution-Beta in Frameworks */ = {isa = PBXBuildFile; productRef = 966AD3F92B5FC06D00AAAA69 /* FirebaseAppDistribution-Beta */; };
		966AD3FC2B5FC06D00AAAA69 /* FirebaseAuth in Frameworks */ = {isa = PBXBuildFile; productRef = 966AD3FB2B5FC06D00AAAA69 /* FirebaseAuth */; };
		966AD3FE2B5FC06D00AAAA69 /* FirebaseAuthCombine-Community in Frameworks */ = {isa = PBXBuildFile; productRef = 966AD3FD2B5FC06D00AAAA69 /* FirebaseAuthCombine-Community */; };
		966AD4002B5FC06D00AAAA69 /* FirebaseCrashlytics in Frameworks */ = {isa = PBXBuildFile; productRef = 966AD3FF2B5FC06D00AAAA69 /* FirebaseCrashlytics */; };
		966AD4022B5FC06D00AAAA69 /* FirebaseDatabase in Frameworks */ = {isa = PBXBuildFile; productRef = 966AD4012B5FC06D00AAAA69 /* FirebaseDatabase */; };
		966AD4042B5FC06D00AAAA69 /* FirebaseDatabaseSwift in Frameworks */ = {isa = PBXBuildFile; productRef = 966AD4032B5FC06D00AAAA69 /* FirebaseDatabaseSwift */; };
		966AD4062B5FC06D00AAAA69 /* FirebaseDynamicLinks in Frameworks */ = {isa = PBXBuildFile; productRef = 966AD4052B5FC06D00AAAA69 /* FirebaseDynamicLinks */; };
		966AD4082B5FC06D00AAAA69 /* FirebaseFirestore in Frameworks */ = {isa = PBXBuildFile; productRef = 966AD4072B5FC06D00AAAA69 /* FirebaseFirestore */; };
		966AD40A2B5FC06D00AAAA69 /* FirebaseFirestoreCombine-Community in Frameworks */ = {isa = PBXBuildFile; productRef = 966AD4092B5FC06D00AAAA69 /* FirebaseFirestoreCombine-Community */; };
		966AD40C2B5FC06D00AAAA69 /* FirebaseFirestoreSwift in Frameworks */ = {isa = PBXBuildFile; productRef = 966AD40B2B5FC06D00AAAA69 /* FirebaseFirestoreSwift */; };
		966AD40E2B5FC06D00AAAA69 /* FirebaseFunctions in Frameworks */ = {isa = PBXBuildFile; productRef = 966AD40D2B5FC06D00AAAA69 /* FirebaseFunctions */; };
		966AD4102B5FC06D00AAAA69 /* FirebaseFunctionsCombine-Community in Frameworks */ = {isa = PBXBuildFile; productRef = 966AD40F2B5FC06D00AAAA69 /* FirebaseFunctionsCombine-Community */; };
		966AD4122B5FC06D00AAAA69 /* FirebaseInAppMessaging-Beta in Frameworks */ = {isa = PBXBuildFile; productRef = 966AD4112B5FC06D00AAAA69 /* FirebaseInAppMessaging-Beta */; };
		966AD4152B5FC29F00AAAA69 /* LoginView.swift in Sources */ = {isa = PBXBuildFile; fileRef = 966AD4142B5FC29F00AAAA69 /* LoginView.swift */; };
		966AD4172B5FC2C500AAAA69 /* RegisterView.swift in Sources */ = {isa = PBXBuildFile; fileRef = 966AD4162B5FC2C500AAAA69 /* RegisterView.swift */; };
		966AD4192B5FC2E200AAAA69 /* AuthViewModel.swift in Sources */ = {isa = PBXBuildFile; fileRef = 966AD4182B5FC2E200AAAA69 /* AuthViewModel.swift */; };
		966AD41B2B5FC2FA00AAAA69 /* AuthService.swift in Sources */ = {isa = PBXBuildFile; fileRef = 966AD41A2B5FC2FA00AAAA69 /* AuthService.swift */; };
		966AD41D2B5FC4AA00AAAA69 /* BrandingImage.swift in Sources */ = {isa = PBXBuildFile; fileRef = 966AD41C2B5FC4AA00AAAA69 /* BrandingImage.swift */; };
		966AD41F2B5FC56A00AAAA69 /* InputField.swift in Sources */ = {isa = PBXBuildFile; fileRef = 966AD41E2B5FC56A00AAAA69 /* InputField.swift */; };
		966AD4212B5FDE3100AAAA69 /* Collections.swift in Sources */ = {isa = PBXBuildFile; fileRef = 966AD4202B5FDE3100AAAA69 /* Collections.swift */; };
		966AD4232B60062300AAAA69 /* LoadingOverlayView.swift in Sources */ = {isa = PBXBuildFile; fileRef = 966AD4222B60062300AAAA69 /* LoadingOverlayView.swift */; };
		966AD4252B60146F00AAAA69 /* Error.swift in Sources */ = {isa = PBXBuildFile; fileRef = 966AD4242B60146F00AAAA69 /* Error.swift */; };
		966C26862B650CEF00C98D90 /* ImageUploader.swift in Sources */ = {isa = PBXBuildFile; fileRef = 966C26852B650CEF00C98D90 /* ImageUploader.swift */; };
		966C26892B650D3200C98D90 /* FirebaseStorage in Frameworks */ = {isa = PBXBuildFile; productRef = 966C26882B650D3200C98D90 /* FirebaseStorage */; };
		966C268B2B65126000C98D90 /* RegisterAgeView.swift in Sources */ = {isa = PBXBuildFile; fileRef = 966C268A2B65126000C98D90 /* RegisterAgeView.swift */; };
		966C268D2B654B7600C98D90 /* Gender.swift in Sources */ = {isa = PBXBuildFile; fileRef = 966C268C2B654B7600C98D90 /* Gender.swift */; };
		966C268F2B654CC800C98D90 /* Interests.swift in Sources */ = {isa = PBXBuildFile; fileRef = 966C268E2B654CC800C98D90 /* Interests.swift */; };
		966C26912B65717B00C98D90 /* RegisterGenderView.swift in Sources */ = {isa = PBXBuildFile; fileRef = 966C26902B65717B00C98D90 /* RegisterGenderView.swift */; };
		966C26932B657A1700C98D90 /* RegisterBioView.swift in Sources */ = {isa = PBXBuildFile; fileRef = 966C26922B657A1700C98D90 /* RegisterBioView.swift */; };
		968ED1F62B613C43000234A7 /* UserService.swift in Sources */ = {isa = PBXBuildFile; fileRef = 968ED1F52B613C43000234A7 /* UserService.swift */; };
		968ED1F82B614E8B000234A7 /* RegisterImageView.swift in Sources */ = {isa = PBXBuildFile; fileRef = 968ED1F72B614E8B000234A7 /* RegisterImageView.swift */; };
		96A8C0E82B62DF1000A049FF /* FirebaseAnalytics in Frameworks */ = {isa = PBXBuildFile; productRef = 96A8C0E72B62DF1000A049FF /* FirebaseAnalytics */; };
		96A8C0EA2B62DF1000A049FF /* FirebaseAnalyticsOnDeviceConversion in Frameworks */ = {isa = PBXBuildFile; productRef = 96A8C0E92B62DF1000A049FF /* FirebaseAnalyticsOnDeviceConversion */; };
		96A8C0EC2B62DF1000A049FF /* FirebaseAnalyticsSwift in Frameworks */ = {isa = PBXBuildFile; productRef = 96A8C0EB2B62DF1000A049FF /* FirebaseAnalyticsSwift */; };
		96A8C0EE2B62DF1000A049FF /* FirebaseAnalyticsWithoutAdIdSupport in Frameworks */ = {isa = PBXBuildFile; productRef = 96A8C0ED2B62DF1000A049FF /* FirebaseAnalyticsWithoutAdIdSupport */; };
		96A8C0F02B62DF1000A049FF /* FirebaseAppCheck in Frameworks */ = {isa = PBXBuildFile; productRef = 96A8C0EF2B62DF1000A049FF /* FirebaseAppCheck */; };
		96AF074A2B5ECC7500D54522 /* Flirt_FunkApp.swift in Sources */ = {isa = PBXBuildFile; fileRef = 96AF07492B5ECC7500D54522 /* Flirt_FunkApp.swift */; };
		96AF074C2B5ECC7500D54522 /* ContentView.swift in Sources */ = {isa = PBXBuildFile; fileRef = 96AF074B2B5ECC7500D54522 /* ContentView.swift */; };
		96AF074E2B5ECC7600D54522 /* Assets.xcassets in Resources */ = {isa = PBXBuildFile; fileRef = 96AF074D2B5ECC7600D54522 /* Assets.xcassets */; };
		96AF07512B5ECC7600D54522 /* Preview Assets.xcassets in Resources */ = {isa = PBXBuildFile; fileRef = 96AF07502B5ECC7600D54522 /* Preview Assets.xcassets */; };
		96AF075D2B5ECF6B00D54522 /* User.swift in Sources */ = {isa = PBXBuildFile; fileRef = 96AF075C2B5ECF6B00D54522 /* User.swift */; };
		96AF075F2B5ED29400D54522 /* Card.swift in Sources */ = {isa = PBXBuildFile; fileRef = 96AF075E2B5ED29400D54522 /* Card.swift */; };
		96AF07612B5EE2F900D54522 /* SwipeView.swift in Sources */ = {isa = PBXBuildFile; fileRef = 96AF07602B5EE2F900D54522 /* SwipeView.swift */; };
/* End PBXBuildFile section */

/* Begin PBXFileReference section */
		96193FE82B6394FD00948AB5 /* Abschlussaufgabe.pdf */ = {isa = PBXFileReference; lastKnownFileType = image.pdf; path = Abschlussaufgabe.pdf; sourceTree = "<group>"; };
		966AD3EC2B5FC01900AAAA69 /* GoogleService-Info.plist */ = {isa = PBXFileReference; fileEncoding = 4; lastKnownFileType = text.plist.xml; path = "GoogleService-Info.plist"; sourceTree = "<group>"; };
		966AD4142B5FC29F00AAAA69 /* LoginView.swift */ = {isa = PBXFileReference; lastKnownFileType = sourcecode.swift; path = LoginView.swift; sourceTree = "<group>"; };
		966AD4162B5FC2C500AAAA69 /* RegisterView.swift */ = {isa = PBXFileReference; lastKnownFileType = sourcecode.swift; path = RegisterView.swift; sourceTree = "<group>"; };
		966AD4182B5FC2E200AAAA69 /* AuthViewModel.swift */ = {isa = PBXFileReference; lastKnownFileType = sourcecode.swift; path = AuthViewModel.swift; sourceTree = "<group>"; };
		966AD41A2B5FC2FA00AAAA69 /* AuthService.swift */ = {isa = PBXFileReference; lastKnownFileType = sourcecode.swift; path = AuthService.swift; sourceTree = "<group>"; };
		966AD41C2B5FC4AA00AAAA69 /* BrandingImage.swift */ = {isa = PBXFileReference; lastKnownFileType = sourcecode.swift; path = BrandingImage.swift; sourceTree = "<group>"; };
		966AD41E2B5FC56A00AAAA69 /* InputField.swift */ = {isa = PBXFileReference; lastKnownFileType = sourcecode.swift; path = InputField.swift; sourceTree = "<group>"; };
		966AD4202B5FDE3100AAAA69 /* Collections.swift */ = {isa = PBXFileReference; lastKnownFileType = sourcecode.swift; path = Collections.swift; sourceTree = "<group>"; };
		966AD4222B60062300AAAA69 /* LoadingOverlayView.swift */ = {isa = PBXFileReference; lastKnownFileType = sourcecode.swift; path = LoadingOverlayView.swift; sourceTree = "<group>"; };
		966AD4242B60146F00AAAA69 /* Error.swift */ = {isa = PBXFileReference; lastKnownFileType = sourcecode.swift; path = Error.swift; sourceTree = "<group>"; };
		966C26852B650CEF00C98D90 /* ImageUploader.swift */ = {isa = PBXFileReference; lastKnownFileType = sourcecode.swift; path = ImageUploader.swift; sourceTree = "<group>"; };
		966C268A2B65126000C98D90 /* RegisterAgeView.swift */ = {isa = PBXFileReference; lastKnownFileType = sourcecode.swift; path = RegisterAgeView.swift; sourceTree = "<group>"; };
		966C268C2B654B7600C98D90 /* Gender.swift */ = {isa = PBXFileReference; lastKnownFileType = sourcecode.swift; path = Gender.swift; sourceTree = "<group>"; };
		966C268E2B654CC800C98D90 /* Interests.swift */ = {isa = PBXFileReference; lastKnownFileType = sourcecode.swift; path = Interests.swift; sourceTree = "<group>"; };
		966C26902B65717B00C98D90 /* RegisterGenderView.swift */ = {isa = PBXFileReference; lastKnownFileType = sourcecode.swift; path = RegisterGenderView.swift; sourceTree = "<group>"; };
		966C26922B657A1700C98D90 /* RegisterBioView.swift */ = {isa = PBXFileReference; lastKnownFileType = sourcecode.swift; path = RegisterBioView.swift; sourceTree = "<group>"; };
		968ED1F52B613C43000234A7 /* UserService.swift */ = {isa = PBXFileReference; lastKnownFileType = sourcecode.swift; path = UserService.swift; sourceTree = "<group>"; };
		968ED1F72B614E8B000234A7 /* RegisterImageView.swift */ = {isa = PBXFileReference; lastKnownFileType = sourcecode.swift; path = RegisterImageView.swift; sourceTree = "<group>"; };
		96AF07462B5ECC7500D54522 /* Flirt Funk.app */ = {isa = PBXFileReference; explicitFileType = wrapper.application; includeInIndex = 0; path = "Flirt Funk.app"; sourceTree = BUILT_PRODUCTS_DIR; };
		96AF07492B5ECC7500D54522 /* Flirt_FunkApp.swift */ = {isa = PBXFileReference; lastKnownFileType = sourcecode.swift; path = Flirt_FunkApp.swift; sourceTree = "<group>"; };
		96AF074B2B5ECC7500D54522 /* ContentView.swift */ = {isa = PBXFileReference; lastKnownFileType = sourcecode.swift; path = ContentView.swift; sourceTree = "<group>"; };
		96AF074D2B5ECC7600D54522 /* Assets.xcassets */ = {isa = PBXFileReference; lastKnownFileType = folder.assetcatalog; path = Assets.xcassets; sourceTree = "<group>"; };
		96AF07502B5ECC7600D54522 /* Preview Assets.xcassets */ = {isa = PBXFileReference; lastKnownFileType = folder.assetcatalog; path = "Preview Assets.xcassets"; sourceTree = "<group>"; };
		96AF075C2B5ECF6B00D54522 /* User.swift */ = {isa = PBXFileReference; lastKnownFileType = sourcecode.swift; path = User.swift; sourceTree = "<group>"; };
		96AF075E2B5ED29400D54522 /* Card.swift */ = {isa = PBXFileReference; lastKnownFileType = sourcecode.swift; path = Card.swift; sourceTree = "<group>"; };
		96AF07602B5EE2F900D54522 /* SwipeView.swift */ = {isa = PBXFileReference; lastKnownFileType = sourcecode.swift; path = SwipeView.swift; sourceTree = "<group>"; };
/* End PBXFileReference section */

/* Begin PBXFrameworksBuildPhase section */
		96AF07432B5ECC7500D54522 /* Frameworks */ = {
			isa = PBXFrameworksBuildPhase;
			buildActionMask = 2147483647;
			files = (
				966AD4022B5FC06D00AAAA69 /* FirebaseDatabase in Frameworks */,
				966AD4102B5FC06D00AAAA69 /* FirebaseFunctionsCombine-Community in Frameworks */,
				966AD4082B5FC06D00AAAA69 /* FirebaseFirestore in Frameworks */,
				966AD3F42B5FC06D00AAAA69 /* FirebaseAnalyticsSwift in Frameworks */,
				966AD3F02B5FC06D00AAAA69 /* FirebaseAnalytics in Frameworks */,
				966C26892B650D3200C98D90 /* FirebaseStorage in Frameworks */,
				966AD3F22B5FC06D00AAAA69 /* FirebaseAnalyticsOnDeviceConversion in Frameworks */,
				966AD40C2B5FC06D00AAAA69 /* FirebaseFirestoreSwift in Frameworks */,
				96A8C0EA2B62DF1000A049FF /* FirebaseAnalyticsOnDeviceConversion in Frameworks */,
				966AD3F82B5FC06D00AAAA69 /* FirebaseAppCheck in Frameworks */,
				966AD3F62B5FC06D00AAAA69 /* FirebaseAnalyticsWithoutAdIdSupport in Frameworks */,
				96A8C0F02B62DF1000A049FF /* FirebaseAppCheck in Frameworks */,
				966AD3FC2B5FC06D00AAAA69 /* FirebaseAuth in Frameworks */,
				966AD4002B5FC06D00AAAA69 /* FirebaseCrashlytics in Frameworks */,
				966AD4122B5FC06D00AAAA69 /* FirebaseInAppMessaging-Beta in Frameworks */,
				966AD4042B5FC06D00AAAA69 /* FirebaseDatabaseSwift in Frameworks */,
				966AD40E2B5FC06D00AAAA69 /* FirebaseFunctions in Frameworks */,
				96A8C0EE2B62DF1000A049FF /* FirebaseAnalyticsWithoutAdIdSupport in Frameworks */,
				966AD3FA2B5FC06D00AAAA69 /* FirebaseAppDistribution-Beta in Frameworks */,
				966AD3FE2B5FC06D00AAAA69 /* FirebaseAuthCombine-Community in Frameworks */,
				966AD4062B5FC06D00AAAA69 /* FirebaseDynamicLinks in Frameworks */,
				96A8C0EC2B62DF1000A049FF /* FirebaseAnalyticsSwift in Frameworks */,
				96A8C0E82B62DF1000A049FF /* FirebaseAnalytics in Frameworks */,
				966AD40A2B5FC06D00AAAA69 /* FirebaseFirestoreCombine-Community in Frameworks */,
			);
			runOnlyForDeploymentPostprocessing = 0;
		};
/* End PBXFrameworksBuildPhase section */

/* Begin PBXGroup section */
		966AD4132B5FC27D00AAAA69 /* Auth */ = {
			isa = PBXGroup;
			children = (
				966AD4142B5FC29F00AAAA69 /* LoginView.swift */,
				966AD4162B5FC2C500AAAA69 /* RegisterView.swift */,
				968ED1F72B614E8B000234A7 /* RegisterImageView.swift */,
				966C268A2B65126000C98D90 /* RegisterAgeView.swift */,
				966C26902B65717B00C98D90 /* RegisterGenderView.swift */,
				966C26922B657A1700C98D90 /* RegisterBioView.swift */,
			);
			path = Auth;
			sourceTree = "<group>";
		};
		966C26872B650D3200C98D90 /* Frameworks */ = {
			isa = PBXGroup;
			children = (
			);
			name = Frameworks;
			sourceTree = "<group>";
		};
		96AF073D2B5ECC7500D54522 = {
			isa = PBXGroup;
			children = (
				96AF07482B5ECC7500D54522 /* Flirt Funk */,
				96AF07472B5ECC7500D54522 /* Products */,
				966C26872B650D3200C98D90 /* Frameworks */,
			);
			sourceTree = "<group>";
		};
		96AF07472B5ECC7500D54522 /* Products */ = {
			isa = PBXGroup;
			children = (
				96AF07462B5ECC7500D54522 /* Flirt Funk.app */,
			);
			name = Products;
			sourceTree = "<group>";
		};
		96AF07482B5ECC7500D54522 /* Flirt Funk */ = {
			isa = PBXGroup;
			children = (
				96AF07492B5ECC7500D54522 /* Flirt_FunkApp.swift */,
				96AF074B2B5ECC7500D54522 /* ContentView.swift */,
				966AD3EC2B5FC01900AAAA69 /* GoogleService-Info.plist */,
				96AF075B2B5ECE5600D54522 /* Utils */,
				96AF075A2B5ECD3900D54522 /* Service */,
				96AF07592B5ECD1700D54522 /* ViewModels */,
				96AF07582B5ECD0E00D54522 /* Views */,
				96AF07572B5ECD0000D54522 /* Model */,
				96AF074D2B5ECC7600D54522 /* Assets.xcassets */,
				96193FE82B6394FD00948AB5 /* Abschlussaufgabe.pdf */,
				96AF074F2B5ECC7600D54522 /* Preview Content */,
			);
			path = "Flirt Funk";
			sourceTree = "<group>";
		};
		96AF074F2B5ECC7600D54522 /* Preview Content */ = {
			isa = PBXGroup;
			children = (
				96AF07502B5ECC7600D54522 /* Preview Assets.xcassets */,
			);
			path = "Preview Content";
			sourceTree = "<group>";
		};
		96AF07572B5ECD0000D54522 /* Model */ = {
			isa = PBXGroup;
			children = (
				96AF075C2B5ECF6B00D54522 /* User.swift */,
				96AF075E2B5ED29400D54522 /* Card.swift */,
				966AD4202B5FDE3100AAAA69 /* Collections.swift */,
				966AD4242B60146F00AAAA69 /* Error.swift */,
				966C268C2B654B7600C98D90 /* Gender.swift */,
				966C268E2B654CC800C98D90 /* Interests.swift */,
			);
			path = Model;
			sourceTree = "<group>";
		};
		96AF07582B5ECD0E00D54522 /* Views */ = {
			isa = PBXGroup;
			children = (
				966AD4132B5FC27D00AAAA69 /* Auth */,
				96AF07602B5EE2F900D54522 /* SwipeView.swift */,
			);
			path = Views;
			sourceTree = "<group>";
		};
		96AF07592B5ECD1700D54522 /* ViewModels */ = {
			isa = PBXGroup;
			children = (
				966AD4182B5FC2E200AAAA69 /* AuthViewModel.swift */,
			);
			path = ViewModels;
			sourceTree = "<group>";
		};
		96AF075A2B5ECD3900D54522 /* Service */ = {
			isa = PBXGroup;
			children = (
				966AD41A2B5FC2FA00AAAA69 /* AuthService.swift */,
				968ED1F52B613C43000234A7 /* UserService.swift */,
			);
			path = Service;
			sourceTree = "<group>";
		};
		96AF075B2B5ECE5600D54522 /* Utils */ = {
			isa = PBXGroup;
			children = (
				966AD41C2B5FC4AA00AAAA69 /* BrandingImage.swift */,
				966AD41E2B5FC56A00AAAA69 /* InputField.swift */,
				966AD4222B60062300AAAA69 /* LoadingOverlayView.swift */,
				966C26852B650CEF00C98D90 /* ImageUploader.swift */,
			);
			path = Utils;
			sourceTree = "<group>";
		};
/* End PBXGroup section */

/* Begin PBXNativeTarget section */
		96AF07452B5ECC7500D54522 /* Flirt Funk */ = {
			isa = PBXNativeTarget;
			buildConfigurationList = 96AF07542B5ECC7600D54522 /* Build configuration list for PBXNativeTarget "Flirt Funk" */;
			buildPhases = (
				96AF07422B5ECC7500D54522 /* Sources */,
				96AF07432B5ECC7500D54522 /* Frameworks */,
				96AF07442B5ECC7500D54522 /* Resources */,
			);
			buildRules = (
			);
			dependencies = (
			);
			name = "Flirt Funk";
			packageProductDependencies = (
				966AD3EF2B5FC06D00AAAA69 /* FirebaseAnalytics */,
				966AD3F12B5FC06D00AAAA69 /* FirebaseAnalyticsOnDeviceConversion */,
				966AD3F32B5FC06D00AAAA69 /* FirebaseAnalyticsSwift */,
				966AD3F52B5FC06D00AAAA69 /* FirebaseAnalyticsWithoutAdIdSupport */,
				966AD3F72B5FC06D00AAAA69 /* FirebaseAppCheck */,
				966AD3F92B5FC06D00AAAA69 /* FirebaseAppDistribution-Beta */,
				966AD3FB2B5FC06D00AAAA69 /* FirebaseAuth */,
				966AD3FD2B5FC06D00AAAA69 /* FirebaseAuthCombine-Community */,
				966AD3FF2B5FC06D00AAAA69 /* FirebaseCrashlytics */,
				966AD4012B5FC06D00AAAA69 /* FirebaseDatabase */,
				966AD4032B5FC06D00AAAA69 /* FirebaseDatabaseSwift */,
				966AD4052B5FC06D00AAAA69 /* FirebaseDynamicLinks */,
				966AD4072B5FC06D00AAAA69 /* FirebaseFirestore */,
				966AD4092B5FC06D00AAAA69 /* FirebaseFirestoreCombine-Community */,
				966AD40B2B5FC06D00AAAA69 /* FirebaseFirestoreSwift */,
				966AD40D2B5FC06D00AAAA69 /* FirebaseFunctions */,
				966AD40F2B5FC06D00AAAA69 /* FirebaseFunctionsCombine-Community */,
				966AD4112B5FC06D00AAAA69 /* FirebaseInAppMessaging-Beta */,
				96A8C0E72B62DF1000A049FF /* FirebaseAnalytics */,
				96A8C0E92B62DF1000A049FF /* FirebaseAnalyticsOnDeviceConversion */,
				96A8C0EB2B62DF1000A049FF /* FirebaseAnalyticsSwift */,
				96A8C0ED2B62DF1000A049FF /* FirebaseAnalyticsWithoutAdIdSupport */,
				96A8C0EF2B62DF1000A049FF /* FirebaseAppCheck */,
				966C26882B650D3200C98D90 /* FirebaseStorage */,
			);
			productName = "Flirt Funk";
			productReference = 96AF07462B5ECC7500D54522 /* Flirt Funk.app */;
			productType = "com.apple.product-type.application";
		};
/* End PBXNativeTarget section */

/* Begin PBXProject section */
		96AF073E2B5ECC7500D54522 /* Project object */ = {
			isa = PBXProject;
			attributes = {
				BuildIndependentTargetsInParallel = 1;
				LastSwiftUpdateCheck = 1520;
				LastUpgradeCheck = 1520;
				TargetAttributes = {
					96AF07452B5ECC7500D54522 = {
						CreatedOnToolsVersion = 15.2;
					};
				};
			};
			buildConfigurationList = 96AF07412B5ECC7500D54522 /* Build configuration list for PBXProject "Flirt Funk" */;
			compatibilityVersion = "Xcode 14.0";
			developmentRegion = en;
			hasScannedForEncodings = 0;
			knownRegions = (
				en,
				Base,
			);
			mainGroup = 96AF073D2B5ECC7500D54522;
			packageReferences = (
				966AD3EE2B5FC06D00AAAA69 /* XCRemoteSwiftPackageReference "firebase-ios-sdk" */,
			);
			productRefGroup = 96AF07472B5ECC7500D54522 /* Products */;
			projectDirPath = "";
			projectRoot = "";
			targets = (
				96AF07452B5ECC7500D54522 /* Flirt Funk */,
			);
		};
/* End PBXProject section */

/* Begin PBXResourcesBuildPhase section */
		96AF07442B5ECC7500D54522 /* Resources */ = {
			isa = PBXResourcesBuildPhase;
			buildActionMask = 2147483647;
			files = (
				96AF07512B5ECC7600D54522 /* Preview Assets.xcassets in Resources */,
				96AF074E2B5ECC7600D54522 /* Assets.xcassets in Resources */,
				966AD3ED2B5FC01900AAAA69 /* GoogleService-Info.plist in Resources */,
				96193FE92B6394FD00948AB5 /* Abschlussaufgabe.pdf in Resources */,
			);
			runOnlyForDeploymentPostprocessing = 0;
		};
/* End PBXResourcesBuildPhase section */

/* Begin PBXSourcesBuildPhase section */
		96AF07422B5ECC7500D54522 /* Sources */ = {
			isa = PBXSourcesBuildPhase;
			buildActionMask = 2147483647;
			files = (
				966AD41D2B5FC4AA00AAAA69 /* BrandingImage.swift in Sources */,
				966AD4232B60062300AAAA69 /* LoadingOverlayView.swift in Sources */,
				966C26862B650CEF00C98D90 /* ImageUploader.swift in Sources */,
				966C268F2B654CC800C98D90 /* Interests.swift in Sources */,
				966AD4152B5FC29F00AAAA69 /* LoginView.swift in Sources */,
				96AF074C2B5ECC7500D54522 /* ContentView.swift in Sources */,
				966C268B2B65126000C98D90 /* RegisterAgeView.swift in Sources */,
				966AD4212B5FDE3100AAAA69 /* Collections.swift in Sources */,
				966C26932B657A1700C98D90 /* RegisterBioView.swift in Sources */,
				968ED1F82B614E8B000234A7 /* RegisterImageView.swift in Sources */,
				96AF074A2B5ECC7500D54522 /* Flirt_FunkApp.swift in Sources */,
				966AD41F2B5FC56A00AAAA69 /* InputField.swift in Sources */,
				966AD41B2B5FC2FA00AAAA69 /* AuthService.swift in Sources */,
				966AD4172B5FC2C500AAAA69 /* RegisterView.swift in Sources */,
				966C26912B65717B00C98D90 /* RegisterGenderView.swift in Sources */,
				966AD4192B5FC2E200AAAA69 /* AuthViewModel.swift in Sources */,
				96AF075D2B5ECF6B00D54522 /* User.swift in Sources */,
				968ED1F62B613C43000234A7 /* UserService.swift in Sources */,
				96AF07612B5EE2F900D54522 /* SwipeView.swift in Sources */,
				966AD4252B60146F00AAAA69 /* Error.swift in Sources */,
				966C268D2B654B7600C98D90 /* Gender.swift in Sources */,
				96AF075F2B5ED29400D54522 /* Card.swift in Sources */,
			);
			runOnlyForDeploymentPostprocessing = 0;
		};
/* End PBXSourcesBuildPhase section */

/* Begin XCBuildConfiguration section */
		96AF07522B5ECC7600D54522 /* Debug */ = {
			isa = XCBuildConfiguration;
			buildSettings = {
				ALWAYS_SEARCH_USER_PATHS = NO;
				ASSETCATALOG_COMPILER_GENERATE_SWIFT_ASSET_SYMBOL_EXTENSIONS = YES;
				CLANG_ANALYZER_NONNULL = YES;
				CLANG_ANALYZER_NUMBER_OBJECT_CONVERSION = YES_AGGRESSIVE;
				CLANG_CXX_LANGUAGE_STANDARD = "gnu++20";
				CLANG_ENABLE_MODULES = YES;
				CLANG_ENABLE_OBJC_ARC = YES;
				CLANG_ENABLE_OBJC_WEAK = YES;
				CLANG_WARN_BLOCK_CAPTURE_AUTORELEASING = YES;
				CLANG_WARN_BOOL_CONVERSION = YES;
				CLANG_WARN_COMMA = YES;
				CLANG_WARN_CONSTANT_CONVERSION = YES;
				CLANG_WARN_DEPRECATED_OBJC_IMPLEMENTATIONS = YES;
				CLANG_WARN_DIRECT_OBJC_ISA_USAGE = YES_ERROR;
				CLANG_WARN_DOCUMENTATION_COMMENTS = YES;
				CLANG_WARN_EMPTY_BODY = YES;
				CLANG_WARN_ENUM_CONVERSION = YES;
				CLANG_WARN_INFINITE_RECURSION = YES;
				CLANG_WARN_INT_CONVERSION = YES;
				CLANG_WARN_NON_LITERAL_NULL_CONVERSION = YES;
				CLANG_WARN_OBJC_IMPLICIT_RETAIN_SELF = YES;
				CLANG_WARN_OBJC_LITERAL_CONVERSION = YES;
				CLANG_WARN_OBJC_ROOT_CLASS = YES_ERROR;
				CLANG_WARN_QUOTED_INCLUDE_IN_FRAMEWORK_HEADER = YES;
				CLANG_WARN_RANGE_LOOP_ANALYSIS = YES;
				CLANG_WARN_STRICT_PROTOTYPES = YES;
				CLANG_WARN_SUSPICIOUS_MOVE = YES;
				CLANG_WARN_UNGUARDED_AVAILABILITY = YES_AGGRESSIVE;
				CLANG_WARN_UNREACHABLE_CODE = YES;
				CLANG_WARN__DUPLICATE_METHOD_MATCH = YES;
				COPY_PHASE_STRIP = NO;
				DEBUG_INFORMATION_FORMAT = dwarf;
				ENABLE_STRICT_OBJC_MSGSEND = YES;
				ENABLE_TESTABILITY = YES;
				ENABLE_USER_SCRIPT_SANDBOXING = YES;
				GCC_C_LANGUAGE_STANDARD = gnu17;
				GCC_DYNAMIC_NO_PIC = NO;
				GCC_NO_COMMON_BLOCKS = YES;
				GCC_OPTIMIZATION_LEVEL = 0;
				GCC_PREPROCESSOR_DEFINITIONS = (
					"DEBUG=1",
					"$(inherited)",
				);
				GCC_WARN_64_TO_32_BIT_CONVERSION = YES;
				GCC_WARN_ABOUT_RETURN_TYPE = YES_ERROR;
				GCC_WARN_UNDECLARED_SELECTOR = YES;
				GCC_WARN_UNINITIALIZED_AUTOS = YES_AGGRESSIVE;
				GCC_WARN_UNUSED_FUNCTION = YES;
				GCC_WARN_UNUSED_VARIABLE = YES;
				IPHONEOS_DEPLOYMENT_TARGET = 17.2;
				LOCALIZATION_PREFERS_STRING_CATALOGS = YES;
				MTL_ENABLE_DEBUG_INFO = INCLUDE_SOURCE;
				MTL_FAST_MATH = YES;
				ONLY_ACTIVE_ARCH = YES;
				SDKROOT = iphoneos;
				SWIFT_ACTIVE_COMPILATION_CONDITIONS = "DEBUG $(inherited)";
				SWIFT_OPTIMIZATION_LEVEL = "-Onone";
			};
			name = Debug;
		};
		96AF07532B5ECC7600D54522 /* Release */ = {
			isa = XCBuildConfiguration;
			buildSettings = {
				ALWAYS_SEARCH_USER_PATHS = NO;
				ASSETCATALOG_COMPILER_GENERATE_SWIFT_ASSET_SYMBOL_EXTENSIONS = YES;
				CLANG_ANALYZER_NONNULL = YES;
				CLANG_ANALYZER_NUMBER_OBJECT_CONVERSION = YES_AGGRESSIVE;
				CLANG_CXX_LANGUAGE_STANDARD = "gnu++20";
				CLANG_ENABLE_MODULES = YES;
				CLANG_ENABLE_OBJC_ARC = YES;
				CLANG_ENABLE_OBJC_WEAK = YES;
				CLANG_WARN_BLOCK_CAPTURE_AUTORELEASING = YES;
				CLANG_WARN_BOOL_CONVERSION = YES;
				CLANG_WARN_COMMA = YES;
				CLANG_WARN_CONSTANT_CONVERSION = YES;
				CLANG_WARN_DEPRECATED_OBJC_IMPLEMENTATIONS = YES;
				CLANG_WARN_DIRECT_OBJC_ISA_USAGE = YES_ERROR;
				CLANG_WARN_DOCUMENTATION_COMMENTS = YES;
				CLANG_WARN_EMPTY_BODY = YES;
				CLANG_WARN_ENUM_CONVERSION = YES;
				CLANG_WARN_INFINITE_RECURSION = YES;
				CLANG_WARN_INT_CONVERSION = YES;
				CLANG_WARN_NON_LITERAL_NULL_CONVERSION = YES;
				CLANG_WARN_OBJC_IMPLICIT_RETAIN_SELF = YES;
				CLANG_WARN_OBJC_LITERAL_CONVERSION = YES;
				CLANG_WARN_OBJC_ROOT_CLASS = YES_ERROR;
				CLANG_WARN_QUOTED_INCLUDE_IN_FRAMEWORK_HEADER = YES;
				CLANG_WARN_RANGE_LOOP_ANALYSIS = YES;
				CLANG_WARN_STRICT_PROTOTYPES = YES;
				CLANG_WARN_SUSPICIOUS_MOVE = YES;
				CLANG_WARN_UNGUARDED_AVAILABILITY = YES_AGGRESSIVE;
				CLANG_WARN_UNREACHABLE_CODE = YES;
				CLANG_WARN__DUPLICATE_METHOD_MATCH = YES;
				COPY_PHASE_STRIP = NO;
				DEBUG_INFORMATION_FORMAT = "dwarf-with-dsym";
				ENABLE_NS_ASSERTIONS = NO;
				ENABLE_STRICT_OBJC_MSGSEND = YES;
				ENABLE_USER_SCRIPT_SANDBOXING = YES;
				GCC_C_LANGUAGE_STANDARD = gnu17;
				GCC_NO_COMMON_BLOCKS = YES;
				GCC_WARN_64_TO_32_BIT_CONVERSION = YES;
				GCC_WARN_ABOUT_RETURN_TYPE = YES_ERROR;
				GCC_WARN_UNDECLARED_SELECTOR = YES;
				GCC_WARN_UNINITIALIZED_AUTOS = YES_AGGRESSIVE;
				GCC_WARN_UNUSED_FUNCTION = YES;
				GCC_WARN_UNUSED_VARIABLE = YES;
				IPHONEOS_DEPLOYMENT_TARGET = 17.2;
				LOCALIZATION_PREFERS_STRING_CATALOGS = YES;
				MTL_ENABLE_DEBUG_INFO = NO;
				MTL_FAST_MATH = YES;
				SDKROOT = iphoneos;
				SWIFT_COMPILATION_MODE = wholemodule;
				VALIDATE_PRODUCT = YES;
			};
			name = Release;
		};
		96AF07552B5ECC7600D54522 /* Debug */ = {
			isa = XCBuildConfiguration;
			buildSettings = {
				ASSETCATALOG_COMPILER_APPICON_NAME = AppIcon;
				ASSETCATALOG_COMPILER_GLOBAL_ACCENT_COLOR_NAME = AccentColor;
				CODE_SIGN_STYLE = Automatic;
				CURRENT_PROJECT_VERSION = 1;
				DEVELOPMENT_ASSET_PATHS = "\"Flirt Funk/Preview Content\"";
				DEVELOPMENT_TEAM = 7726H6MV6A;
				ENABLE_PREVIEWS = YES;
				GENERATE_INFOPLIST_FILE = YES;
				INFOPLIST_KEY_UIApplicationSceneManifest_Generation = YES;
				INFOPLIST_KEY_UIApplicationSupportsIndirectInputEvents = YES;
				INFOPLIST_KEY_UILaunchScreen_Generation = YES;
				INFOPLIST_KEY_UISupportedInterfaceOrientations_iPad = "UIInterfaceOrientationPortrait UIInterfaceOrientationPortraitUpsideDown UIInterfaceOrientationLandscapeLeft UIInterfaceOrientationLandscapeRight";
				INFOPLIST_KEY_UISupportedInterfaceOrientations_iPhone = "UIInterfaceOrientationPortrait UIInterfaceOrientationLandscapeLeft UIInterfaceOrientationLandscapeRight";
				IPHONEOS_DEPLOYMENT_TARGET = 16.5;
				LD_RUNPATH_SEARCH_PATHS = (
					"$(inherited)",
					"@executable_path/Frameworks",
				);
				MARKETING_VERSION = 1.0;
				PRODUCT_BUNDLE_IDENTIFIER = "com.alekssamson.Flirt-Funk";
				PRODUCT_NAME = "$(TARGET_NAME)";
				SWIFT_EMIT_LOC_STRINGS = YES;
				SWIFT_VERSION = 5.0;
				TARGETED_DEVICE_FAMILY = "1,2";
			};
			name = Debug;
		};
		96AF07562B5ECC7600D54522 /* Release */ = {
			isa = XCBuildConfiguration;
			buildSettings = {
				ASSETCATALOG_COMPILER_APPICON_NAME = AppIcon;
				ASSETCATALOG_COMPILER_GLOBAL_ACCENT_COLOR_NAME = AccentColor;
				CODE_SIGN_STYLE = Automatic;
				CURRENT_PROJECT_VERSION = 1;
				DEVELOPMENT_ASSET_PATHS = "\"Flirt Funk/Preview Content\"";
				DEVELOPMENT_TEAM = 7726H6MV6A;
				ENABLE_PREVIEWS = YES;
				GENERATE_INFOPLIST_FILE = YES;
				INFOPLIST_KEY_UIApplicationSceneManifest_Generation = YES;
				INFOPLIST_KEY_UIApplicationSupportsIndirectInputEvents = YES;
				INFOPLIST_KEY_UILaunchScreen_Generation = YES;
				INFOPLIST_KEY_UISupportedInterfaceOrientations_iPad = "UIInterfaceOrientationPortrait UIInterfaceOrientationPortraitUpsideDown UIInterfaceOrientationLandscapeLeft UIInterfaceOrientationLandscapeRight";
				INFOPLIST_KEY_UISupportedInterfaceOrientations_iPhone = "UIInterfaceOrientationPortrait UIInterfaceOrientationLandscapeLeft UIInterfaceOrientationLandscapeRight";
				IPHONEOS_DEPLOYMENT_TARGET = 16.5;
				LD_RUNPATH_SEARCH_PATHS = (
					"$(inherited)",
					"@executable_path/Frameworks",
				);
				MARKETING_VERSION = 1.0;
				PRODUCT_BUNDLE_IDENTIFIER = "com.alekssamson.Flirt-Funk";
				PRODUCT_NAME = "$(TARGET_NAME)";
				SWIFT_EMIT_LOC_STRINGS = YES;
				SWIFT_VERSION = 5.0;
				TARGETED_DEVICE_FAMILY = "1,2";
			};
			name = Release;
		};
/* End XCBuildConfiguration section */

/* Begin XCConfigurationList section */
		96AF07412B5ECC7500D54522 /* Build configuration list for PBXProject "Flirt Funk" */ = {
			isa = XCConfigurationList;
			buildConfigurations = (
				96AF07522B5ECC7600D54522 /* Debug */,
				96AF07532B5ECC7600D54522 /* Release */,
			);
			defaultConfigurationIsVisible = 0;
			defaultConfigurationName = Release;
		};
		96AF07542B5ECC7600D54522 /* Build configuration list for PBXNativeTarget "Flirt Funk" */ = {
			isa = XCConfigurationList;
			buildConfigurations = (
				96AF07552B5ECC7600D54522 /* Debug */,
				96AF07562B5ECC7600D54522 /* Release */,
			);
			defaultConfigurationIsVisible = 0;
			defaultConfigurationName = Release;
		};
/* End XCConfigurationList section */

/* Begin XCRemoteSwiftPackageReference section */
		966AD3EE2B5FC06D00AAAA69 /* XCRemoteSwiftPackageReference "firebase-ios-sdk" */ = {
			isa = XCRemoteSwiftPackageReference;
			repositoryURL = "https://github.com/firebase/firebase-ios-sdk";
			requirement = {
				kind = upToNextMajorVersion;
				minimumVersion = 10.20.0;
			};
		};
/* End XCRemoteSwiftPackageReference section */

/* Begin XCSwiftPackageProductDependency section */
		966AD3EF2B5FC06D00AAAA69 /* FirebaseAnalytics */ = {
			isa = XCSwiftPackageProductDependency;
			package = 966AD3EE2B5FC06D00AAAA69 /* XCRemoteSwiftPackageReference "firebase-ios-sdk" */;
			productName = FirebaseAnalytics;
		};
		966AD3F12B5FC06D00AAAA69 /* FirebaseAnalyticsOnDeviceConversion */ = {
			isa = XCSwiftPackageProductDependency;
			package = 966AD3EE2B5FC06D00AAAA69 /* XCRemoteSwiftPackageReference "firebase-ios-sdk" */;
			productName = FirebaseAnalyticsOnDeviceConversion;
		};
		966AD3F32B5FC06D00AAAA69 /* FirebaseAnalyticsSwift */ = {
			isa = XCSwiftPackageProductDependency;
			package = 966AD3EE2B5FC06D00AAAA69 /* XCRemoteSwiftPackageReference "firebase-ios-sdk" */;
			productName = FirebaseAnalyticsSwift;
		};
		966AD3F52B5FC06D00AAAA69 /* FirebaseAnalyticsWithoutAdIdSupport */ = {
			isa = XCSwiftPackageProductDependency;
			package = 966AD3EE2B5FC06D00AAAA69 /* XCRemoteSwiftPackageReference "firebase-ios-sdk" */;
			productName = FirebaseAnalyticsWithoutAdIdSupport;
		};
		966AD3F72B5FC06D00AAAA69 /* FirebaseAppCheck */ = {
			isa = XCSwiftPackageProductDependency;
			package = 966AD3EE2B5FC06D00AAAA69 /* XCRemoteSwiftPackageReference "firebase-ios-sdk" */;
			productName = FirebaseAppCheck;
		};
		966AD3F92B5FC06D00AAAA69 /* FirebaseAppDistribution-Beta */ = {
			isa = XCSwiftPackageProductDependency;
			package = 966AD3EE2B5FC06D00AAAA69 /* XCRemoteSwiftPackageReference "firebase-ios-sdk" */;
			productName = "FirebaseAppDistribution-Beta";
		};
		966AD3FB2B5FC06D00AAAA69 /* FirebaseAuth */ = {
			isa = XCSwiftPackageProductDependency;
			package = 966AD3EE2B5FC06D00AAAA69 /* XCRemoteSwiftPackageReference "firebase-ios-sdk" */;
			productName = FirebaseAuth;
		};
		966AD3FD2B5FC06D00AAAA69 /* FirebaseAuthCombine-Community */ = {
			isa = XCSwiftPackageProductDependency;
			package = 966AD3EE2B5FC06D00AAAA69 /* XCRemoteSwiftPackageReference "firebase-ios-sdk" */;
			productName = "FirebaseAuthCombine-Community";
		};
		966AD3FF2B5FC06D00AAAA69 /* FirebaseCrashlytics */ = {
			isa = XCSwiftPackageProductDependency;
			package = 966AD3EE2B5FC06D00AAAA69 /* XCRemoteSwiftPackageReference "firebase-ios-sdk" */;
			productName = FirebaseCrashlytics;
		};
		966AD4012B5FC06D00AAAA69 /* FirebaseDatabase */ = {
			isa = XCSwiftPackageProductDependency;
			package = 966AD3EE2B5FC06D00AAAA69 /* XCRemoteSwiftPackageReference "firebase-ios-sdk" */;
			productName = FirebaseDatabase;
		};
		966AD4032B5FC06D00AAAA69 /* FirebaseDatabaseSwift */ = {
			isa = XCSwiftPackageProductDependency;
			package = 966AD3EE2B5FC06D00AAAA69 /* XCRemoteSwiftPackageReference "firebase-ios-sdk" */;
			productName = FirebaseDatabaseSwift;
		};
		966AD4052B5FC06D00AAAA69 /* FirebaseDynamicLinks */ = {
			isa = XCSwiftPackageProductDependency;
			package = 966AD3EE2B5FC06D00AAAA69 /* XCRemoteSwiftPackageReference "firebase-ios-sdk" */;
			productName = FirebaseDynamicLinks;
		};
		966AD4072B5FC06D00AAAA69 /* FirebaseFirestore */ = {
			isa = XCSwiftPackageProductDependency;
			package = 966AD3EE2B5FC06D00AAAA69 /* XCRemoteSwiftPackageReference "firebase-ios-sdk" */;
			productName = FirebaseFirestore;
		};
		966AD4092B5FC06D00AAAA69 /* FirebaseFirestoreCombine-Community */ = {
			isa = XCSwiftPackageProductDependency;
			package = 966AD3EE2B5FC06D00AAAA69 /* XCRemoteSwiftPackageReference "firebase-ios-sdk" */;
			productName = "FirebaseFirestoreCombine-Community";
		};
		966AD40B2B5FC06D00AAAA69 /* FirebaseFirestoreSwift */ = {
			isa = XCSwiftPackageProductDependency;
			package = 966AD3EE2B5FC06D00AAAA69 /* XCRemoteSwiftPackageReference "firebase-ios-sdk" */;
			productName = FirebaseFirestoreSwift;
		};
		966AD40D2B5FC06D00AAAA69 /* FirebaseFunctions */ = {
			isa = XCSwiftPackageProductDependency;
			package = 966AD3EE2B5FC06D00AAAA69 /* XCRemoteSwiftPackageReference "firebase-ios-sdk" */;
			productName = FirebaseFunctions;
		};
		966AD40F2B5FC06D00AAAA69 /* FirebaseFunctionsCombine-Community */ = {
			isa = XCSwiftPackageProductDependency;
			package = 966AD3EE2B5FC06D00AAAA69 /* XCRemoteSwiftPackageReference "firebase-ios-sdk" */;
			productName = "FirebaseFunctionsCombine-Community";
		};
		966AD4112B5FC06D00AAAA69 /* FirebaseInAppMessaging-Beta */ = {
			isa = XCSwiftPackageProductDependency;
			package = 966AD3EE2B5FC06D00AAAA69 /* XCRemoteSwiftPackageReference "firebase-ios-sdk" */;
			productName = "FirebaseInAppMessaging-Beta";
		};
		966C26882B650D3200C98D90 /* FirebaseStorage */ = {
			isa = XCSwiftPackageProductDependency;
			package = 966AD3EE2B5FC06D00AAAA69 /* XCRemoteSwiftPackageReference "firebase-ios-sdk" */;
			productName = FirebaseStorage;
		};
		96A8C0E72B62DF1000A049FF /* FirebaseAnalytics */ = {
			isa = XCSwiftPackageProductDependency;
			package = 966AD3EE2B5FC06D00AAAA69 /* XCRemoteSwiftPackageReference "firebase-ios-sdk" */;
			productName = FirebaseAnalytics;
		};
		96A8C0E92B62DF1000A049FF /* FirebaseAnalyticsOnDeviceConversion */ = {
			isa = XCSwiftPackageProductDependency;
			package = 966AD3EE2B5FC06D00AAAA69 /* XCRemoteSwiftPackageReference "firebase-ios-sdk" */;
			productName = FirebaseAnalyticsOnDeviceConversion;
		};
		96A8C0EB2B62DF1000A049FF /* FirebaseAnalyticsSwift */ = {
			isa = XCSwiftPackageProductDependency;
			package = 966AD3EE2B5FC06D00AAAA69 /* XCRemoteSwiftPackageReference "firebase-ios-sdk" */;
			productName = FirebaseAnalyticsSwift;
		};
		96A8C0ED2B62DF1000A049FF /* FirebaseAnalyticsWithoutAdIdSupport */ = {
			isa = XCSwiftPackageProductDependency;
			package = 966AD3EE2B5FC06D00AAAA69 /* XCRemoteSwiftPackageReference "firebase-ios-sdk" */;
			productName = FirebaseAnalyticsWithoutAdIdSupport;
		};
		96A8C0EF2B62DF1000A049FF /* FirebaseAppCheck */ = {
			isa = XCSwiftPackageProductDependency;
			package = 966AD3EE2B5FC06D00AAAA69 /* XCRemoteSwiftPackageReference "firebase-ios-sdk" */;
			productName = FirebaseAppCheck;
		};
/* End XCSwiftPackageProductDependency section */
	};
	rootObject = 96AF073E2B5ECC7500D54522 /* Project object */;
}
